
Microsoft Visual Studio Solution File, Format Version 12.00
# Visual Studio 15
VisualStudioVersion = 15.0.27703.2042
MinimumVisualStudioVersion = 10.0.40219.1
Project("{FAE04EC0-301F-11D3-BF4B-00C04F79EFBC}") = "C_Sharp Student System", "C_Sharp Student System\C_Sharp Student System.csproj", "{DF060531-9BAD-416F-9CC0-F3691B8A5112}"
EndProject
Global
	GlobalSection(SolutionConfigurationPlatforms) = preSolution
		Debug|Any CPU = Debug|Any CPU
		Release|Any CPU = Release|Any CPU
	EndGlobalSection
	GlobalSection(ProjectConfigurationPlatforms) = postSolution
		{DF060531-9BAD-416F-9CC0-F3691B8A5112}.Debug|Any CPU.ActiveCfg = Debug|Any CPU
		{DF060531-9BAD-416F-9CC0-F3691B8A5112}.Debug|Any CPU.Build.0 = Debug|Any CPU
		{DF060531-9BAD-416F-9CC0-F3691B8A5112}.Release|Any CPU.ActiveCfg = Release|Any CPU
		{DF060531-9BAD-416F-9CC0-F3691B8A5112}.Release|Any CPU.Build.0 = Release|Any CPU
	EndGlobalSection
	GlobalSection(SolutionProperties) = preSolution
		HideSolutionNode = FALSE
	EndGlobalSection
	GlobalSection(ExtensibilityGlobals) = postSolution
		SolutionGuid = {1FA853ED-6110-497B-80ED-4527B1BB2856}
	EndGlobalSection
EndGlobal
